
Microsoft Visual Studio Solution File, Format Version 12.00
# Visual Studio Version 17
VisualStudioVersion = 17.3.32901.215
MinimumVisualStudioVersion = 10.0.40219.1
Project("{FAE04EC0-301F-11D3-BF4B-00C04F79EFBC}") = "Csharp-a02", "Csharp-a02.csproj", "{61D4D99A-C2D5-4999-8F09-6C75BC29F088}"
EndProject
Global
	GlobalSection(SolutionConfigurationPlatforms) = preSolution
		Debug|Any CPU = Debug|Any CPU
		Release|Any CPU = Release|Any CPU
	EndGlobalSection
	GlobalSection(ProjectConfigurationPlatforms) = postSolution
		{61D4D99A-C2D5-4999-8F09-6C75BC29F088}.Debug|Any CPU.ActiveCfg = Debug|Any CPU
		{61D4D99A-C2D5-4999-8F09-6C75BC29F088}.Debug|Any CPU.Build.0 = Debug|Any CPU
		{61D4D99A-C2D5-4999-8F09-6C75BC29F088}.Release|Any CPU.ActiveCfg = Release|Any CPU
		{61D4D99A-C2D5-4999-8F09-6C75BC29F088}.Release|Any CPU.Build.0 = Release|Any CPU
	EndGlobalSection
	GlobalSection(SolutionProperties) = preSolution
		HideSolutionNode = FALSE
	EndGlobalSection
	GlobalSection(ExtensibilityGlobals) = postSolution
		SolutionGuid = {99734C5C-280E-4288-85CA-6FE13540C32E}
	EndGlobalSection
EndGlobal
